
Microsoft Visual Studio Solution File, Format Version 12.00
# Visual Studio Version 16
VisualStudioVersion = 16.0.30711.63
MinimumVisualStudioVersion = 10.0.40219.1
Project("{9A19103F-16F7-4668-BE54-9A1E7A4F7556}") = "SW.CEMENTERIO", "SW.CEMENTERIO\SW.CEMENTERIO.csproj", "{AC90B220-09AD-4021-80FE-A1F81C4A5124}"
EndProject
Global
	GlobalSection(SolutionConfigurationPlatforms) = preSolution
		Debug|Any CPU = Debug|Any CPU
		Release|Any CPU = Release|Any CPU
	EndGlobalSection
	GlobalSection(ProjectConfigurationPlatforms) = postSolution
		{AC90B220-09AD-4021-80FE-A1F81C4A5124}.Debug|Any CPU.ActiveCfg = Debug|Any CPU
		{AC90B220-09AD-4021-80FE-A1F81C4A5124}.Debug|Any CPU.Build.0 = Debug|Any CPU
		{AC90B220-09AD-4021-80FE-A1F81C4A5124}.Release|Any CPU.ActiveCfg = Release|Any CPU
		{AC90B220-09AD-4021-80FE-A1F81C4A5124}.Release|Any CPU.Build.0 = Release|Any CPU
	EndGlobalSection
	GlobalSection(SolutionProperties) = preSolution
		HideSolutionNode = FALSE
	EndGlobalSection
	GlobalSection(ExtensibilityGlobals) = postSolution
		SolutionGuid = {04207133-C1DA-438E-9419-53CCBC0480A2}
	EndGlobalSection
EndGlobal
